
Microsoft Visual Studio Solution File, Format Version 12.00
# Visual Studio 15
VisualStudioVersion = 15.0.28307.1267
MinimumVisualStudioVersion = 10.0.40219.1
Project("{FAE04EC0-301F-11D3-BF4B-00C04F79EFBC}") = "CameoMvc", "CameoMvc\CameoMvc.csproj", "{12A6A0DC-7B95-41B1-B06A-D32324E7126C}"
EndProject
Global
	GlobalSection(SolutionConfigurationPlatforms) = preSolution
		Debug|Any CPU = Debug|Any CPU
		Release|Any CPU = Release|Any CPU
	EndGlobalSection
	GlobalSection(ProjectConfigurationPlatforms) = postSolution
		{12A6A0DC-7B95-41B1-B06A-D32324E7126C}.Debug|Any CPU.ActiveCfg = Debug|Any CPU
		{12A6A0DC-7B95-41B1-B06A-D32324E7126C}.Debug|Any CPU.Build.0 = Debug|Any CPU
		{12A6A0DC-7B95-41B1-B06A-D32324E7126C}.Release|Any CPU.ActiveCfg = Release|Any CPU
		{12A6A0DC-7B95-41B1-B06A-D32324E7126C}.Release|Any CPU.Build.0 = Release|Any CPU
	EndGlobalSection
	GlobalSection(SolutionProperties) = preSolution
		HideSolutionNode = FALSE
	EndGlobalSection
	GlobalSection(ExtensibilityGlobals) = postSolution
		SolutionGuid = {7E180407-F2A2-4384-A03F-E4AC13F85408}
	EndGlobalSection
EndGlobal
